
Microsoft Visual Studio Solution File, Format Version 12.00
# Visual Studio Version 16
VisualStudioVersion = 16.0.30907.101
MinimumVisualStudioVersion = 10.0.40219.1
Project("{FAE04EC0-301F-11D3-BF4B-00C04F79EFBC}") = "RicercaOperativa", "RicercaOperativa.csproj", "{A6F940C3-6704-4ECD-9B09-3E4F46C751EA}"
EndProject
Global
	GlobalSection(SolutionConfigurationPlatforms) = preSolution
		Debug|Any CPU = Debug|Any CPU
		Release|Any CPU = Release|Any CPU
	EndGlobalSection
	GlobalSection(ProjectConfigurationPlatforms) = postSolution
		{A6F940C3-6704-4ECD-9B09-3E4F46C751EA}.Debug|Any CPU.ActiveCfg = Debug|Any CPU
		{A6F940C3-6704-4ECD-9B09-3E4F46C751EA}.Debug|Any CPU.Build.0 = Debug|Any CPU
		{A6F940C3-6704-4ECD-9B09-3E4F46C751EA}.Release|Any CPU.ActiveCfg = Release|Any CPU
		{A6F940C3-6704-4ECD-9B09-3E4F46C751EA}.Release|Any CPU.Build.0 = Release|Any CPU
	EndGlobalSection
	GlobalSection(SolutionProperties) = preSolution
		HideSolutionNode = FALSE
	EndGlobalSection
	GlobalSection(ExtensibilityGlobals) = postSolution
		SolutionGuid = {B1DA4AB0-9F49-4631-B352-7827D24B9649}
	EndGlobalSection
EndGlobal
